
Microsoft Visual Studio Solution File, Format Version 12.00
# Visual Studio Express 14 for Windows Desktop
VisualStudioVersion = 14.0.24720.0
MinimumVisualStudioVersion = 10.0.40219.1
Project("{FAE04EC0-301F-11D3-BF4B-00C04F79EFBC}") = "TextExtractor.Agents", "TextExtractor.Agents\TextExtractor.Agents.csproj", "{439F47FC-70FC-4202-B312-F856F1A09960}"
EndProject
Project("{FAE04EC0-301F-11D3-BF4B-00C04F79EFBC}") = "TextExtractor.EventHandlers", "TextExtractor.EventHandlers\TextExtractor.EventHandlers.csproj", "{6DB0BA47-085C-4937-8FFB-7BF7130B21D0}"
EndProject
Project("{FAE04EC0-301F-11D3-BF4B-00C04F79EFBC}") = "TextExtractor.Helpers", "TextExtractor.Helpers\TextExtractor.Helpers.csproj", "{8F4CDA45-EAF3-4B40-A7A9-F312B7664ABC}"
EndProject
Project("{FAE04EC0-301F-11D3-BF4B-00C04F79EFBC}") = "TextExtractor.TestHelpers", "TextExtractor.TestHelpers\TextExtractor.TestHelpers.csproj", "{82CA6A7F-E6E2-451E-B248-60003EC92CE6}"
EndProject
Project("{FAE04EC0-301F-11D3-BF4B-00C04F79EFBC}") = "TextExtractor.Helpers.VSUnitTest", "TextExtractor.Helpers.VSUnitTest\TextExtractor.Helpers.VSUnitTest.csproj", "{AAA7F991-3CE0-4C5A-9467-176D746E7D02}"
EndProject
Global
	GlobalSection(SolutionConfigurationPlatforms) = preSolution
		Debug|Any CPU = Debug|Any CPU
		Release|Any CPU = Release|Any CPU
	EndGlobalSection
	GlobalSection(ProjectConfigurationPlatforms) = postSolution
		{439F47FC-70FC-4202-B312-F856F1A09960}.Debug|Any CPU.ActiveCfg = Debug|Any CPU
		{439F47FC-70FC-4202-B312-F856F1A09960}.Debug|Any CPU.Build.0 = Debug|Any CPU
		{439F47FC-70FC-4202-B312-F856F1A09960}.Release|Any CPU.ActiveCfg = Release|Any CPU
		{439F47FC-70FC-4202-B312-F856F1A09960}.Release|Any CPU.Build.0 = Release|Any CPU
		{6DB0BA47-085C-4937-8FFB-7BF7130B21D0}.Debug|Any CPU.ActiveCfg = Debug|Any CPU
		{6DB0BA47-085C-4937-8FFB-7BF7130B21D0}.Debug|Any CPU.Build.0 = Debug|Any CPU
		{6DB0BA47-085C-4937-8FFB-7BF7130B21D0}.Release|Any CPU.ActiveCfg = Release|Any CPU
		{6DB0BA47-085C-4937-8FFB-7BF7130B21D0}.Release|Any CPU.Build.0 = Release|Any CPU
		{8F4CDA45-EAF3-4B40-A7A9-F312B7664ABC}.Debug|Any CPU.ActiveCfg = Debug|Any CPU
		{8F4CDA45-EAF3-4B40-A7A9-F312B7664ABC}.Debug|Any CPU.Build.0 = Debug|Any CPU
		{8F4CDA45-EAF3-4B40-A7A9-F312B7664ABC}.Release|Any CPU.ActiveCfg = Release|Any CPU
		{8F4CDA45-EAF3-4B40-A7A9-F312B7664ABC}.Release|Any CPU.Build.0 = Release|Any CPU
		{82CA6A7F-E6E2-451E-B248-60003EC92CE6}.Debug|Any CPU.ActiveCfg = Debug|Any CPU
		{82CA6A7F-E6E2-451E-B248-60003EC92CE6}.Debug|Any CPU.Build.0 = Debug|Any CPU
		{82CA6A7F-E6E2-451E-B248-60003EC92CE6}.Release|Any CPU.ActiveCfg = Release|Any CPU
		{82CA6A7F-E6E2-451E-B248-60003EC92CE6}.Release|Any CPU.Build.0 = Release|Any CPU
		{AAA7F991-3CE0-4C5A-9467-176D746E7D02}.Debug|Any CPU.ActiveCfg = Debug|Any CPU
		{AAA7F991-3CE0-4C5A-9467-176D746E7D02}.Debug|Any CPU.Build.0 = Debug|Any CPU
		{AAA7F991-3CE0-4C5A-9467-176D746E7D02}.Release|Any CPU.ActiveCfg = Release|Any CPU
		{AAA7F991-3CE0-4C5A-9467-176D746E7D02}.Release|Any CPU.Build.0 = Release|Any CPU
	EndGlobalSection
	GlobalSection(SolutionProperties) = preSolution
		HideSolutionNode = FALSE
	EndGlobalSection
EndGlobal
